
Microsoft Visual Studio Solution File, Format Version 12.00
# Visual Studio Version 16
VisualStudioVersion = 16.0.29728.190
MinimumVisualStudioVersion = 10.0.40219.1
Project("{8BC9CEB8-8B4A-11D0-8D11-00A0C91BC942}") = "Neat", "Neat.vcxproj", "{CACD54D6-5B08-460C-A7B1-8342872B59C3}"
EndProject
Global
	GlobalSection(SolutionConfigurationPlatforms) = preSolution
		Debug|x64 = Debug|x64
		Debug|x86 = Debug|x86
		Release|x64 = Release|x64
		Release|x86 = Release|x86
	EndGlobalSection
	GlobalSection(ProjectConfigurationPlatforms) = postSolution
		{CACD54D6-5B08-460C-A7B1-8342872B59C3}.Debug|x64.ActiveCfg = Debug|x64
		{CACD54D6-5B08-460C-A7B1-8342872B59C3}.Debug|x64.Build.0 = Debug|x64
		{CACD54D6-5B08-460C-A7B1-8342872B59C3}.Debug|x86.ActiveCfg = Debug|Win32
		{CACD54D6-5B08-460C-A7B1-8342872B59C3}.Debug|x86.Build.0 = Debug|Win32
		{CACD54D6-5B08-460C-A7B1-8342872B59C3}.Release|x64.ActiveCfg = Release|x64
		{CACD54D6-5B08-460C-A7B1-8342872B59C3}.Release|x64.Build.0 = Release|x64
		{CACD54D6-5B08-460C-A7B1-8342872B59C3}.Release|x86.ActiveCfg = Release|Win32
		{CACD54D6-5B08-460C-A7B1-8342872B59C3}.Release|x86.Build.0 = Release|Win32
	EndGlobalSection
	GlobalSection(SolutionProperties) = preSolution
		HideSolutionNode = FALSE
	EndGlobalSection
	GlobalSection(ExtensibilityGlobals) = postSolution
		SolutionGuid = {9D6ED820-5E88-476F-A5A9-D102C11A9C4A}
	EndGlobalSection
EndGlobal
